// !$*UTF8*$!
{
	archiveVersion = 1;
	classes = {
	};
	objectVersion = 46;
	objects = {

/* Begin PBXBuildFile section */
		50EEEA001F74031D00761E80 /* main.cpp in Sources */ = {isa = PBXBuildFile; fileRef = 50EEE9FF1F74031D00761E80 /* main.cpp */; };
		50EEEA081F74033000761E80 /* SDL2.framework in Frameworks */ = {isa = PBXBuildFile; fileRef = 50EEEA071F74033000761E80 /* SDL2.framework */; };
		50EEEA0A1F74151300761E80 /* SDL2_image.framework in Frameworks */ = {isa = PBXBuildFile; fileRef = 50EEEA091F74151300761E80 /* SDL2_image.framework */; };
		50EEEA111F757AFA00761E80 /* Particle.cpp in Sources */ = {isa = PBXBuildFile; fileRef = 50EEEA0B1F7567E200761E80 /* Particle.cpp */; };
		50EEEA121F757B0200761E80 /* BasicConfig.cpp in Sources */ = {isa = PBXBuildFile; fileRef = 50EEEA0E1F75733700761E80 /* BasicConfig.cpp */; };
/* End PBXBuildFile section */

/* Begin PBXCopyFilesBuildPhase section */
		50EEE9FA1F74031D00761E80 /* CopyFiles */ = {
			isa = PBXCopyFilesBuildPhase;
			buildActionMask = 2147483647;
			dstPath = /usr/share/man/man1/;
			dstSubfolderSpec = 0;
			files = (
			);
			runOnlyForDeploymentPostprocessing = 1;
		};
/* End PBXCopyFilesBuildPhase section */

/* Begin PBXFileReference section */
		50EEE9FC1F74031D00761E80 /* std_test2 */ = {isa = PBXFileReference; explicitFileType = "compiled.mach-o.executable"; includeInIndex = 0; path = std_test2; sourceTree = BUILT_PRODUCTS_DIR; };
		50EEE9FF1F74031D00761E80 /* main.cpp */ = {isa = PBXFileReference; lastKnownFileType = sourcecode.cpp.cpp; path = main.cpp; sourceTree = "<group>"; };
		50EEEA071F74033000761E80 /* SDL2.framework */ = {isa = PBXFileReference; lastKnownFileType = wrapper.framework; name = SDL2.framework; path = ../../../../../Library/Frameworks/SDL2.framework; sourceTree = "<group>"; };
		50EEEA091F74151300761E80 /* SDL2_image.framework */ = {isa = PBXFileReference; lastKnownFileType = wrapper.framework; name = SDL2_image.framework; path = ../../../../../Library/Frameworks/SDL2_image.framework; sourceTree = "<group>"; };
		50EEEA0B1F7567E200761E80 /* Particle.cpp */ = {isa = PBXFileReference; fileEncoding = 4; lastKnownFileType = sourcecode.cpp.cpp; path = Particle.cpp; sourceTree = "<group>"; };
		50EEEA0C1F7567E200761E80 /* Particle.hpp */ = {isa = PBXFileReference; fileEncoding = 4; lastKnownFileType = sourcecode.cpp.h; path = Particle.hpp; sourceTree = "<group>"; };
		50EEEA0E1F75733700761E80 /* BasicConfig.cpp */ = {isa = PBXFileReference; fileEncoding = 4; lastKnownFileType = sourcecode.cpp.cpp; path = BasicConfig.cpp; sourceTree = "<group>"; };
		50EEEA0F1F75733700761E80 /* BasicConfig.hpp */ = {isa = PBXFileReference; fileEncoding = 4; lastKnownFileType = sourcecode.cpp.h; path = BasicConfig.hpp; sourceTree = "<group>"; };
/* End PBXFileReference section */

/* Begin PBXFrameworksBuildPhase section */
		50EEE9F91F74031D00761E80 /* Frameworks */ = {
			isa = PBXFrameworksBuildPhase;
			buildActionMask = 2147483647;
			files = (
				50EEEA0A1F74151300761E80 /* SDL2_image.framework in Frameworks */,
				50EEEA081F74033000761E80 /* SDL2.framework in Frameworks */,
			);
			runOnlyForDeploymentPostprocessing = 0;
		};
/* End PBXFrameworksBuildPhase section */

/* Begin PBXGroup section */
		50EEE9F31F74031D00761E80 = {
			isa = PBXGroup;
			children = (
				50EEE9FE1F74031D00761E80 /* std_test2 */,
				50EEE9FD1F74031D00761E80 /* Products */,
				50EEEA061F74033000761E80 /* Frameworks */,
			);
			sourceTree = "<group>";
		};
		50EEE9FD1F74031D00761E80 /* Products */ = {
			isa = PBXGroup;
			children = (
				50EEE9FC1F74031D00761E80 /* std_test2 */,
			);
			name = Products;
			sourceTree = "<group>";
		};
		50EEE9FE1F74031D00761E80 /* std_test2 */ = {
			isa = PBXGroup;
			children = (
				50EEE9FF1F74031D00761E80 /* main.cpp */,
				50EEEA0B1F7567E200761E80 /* Particle.cpp */,
				50EEEA0C1F7567E200761E80 /* Particle.hpp */,
				50EEEA0E1F75733700761E80 /* BasicConfig.cpp */,
				50EEEA0F1F75733700761E80 /* BasicConfig.hpp */,
			);
			path = std_test2;
			sourceTree = "<group>";
		};
		50EEEA061F74033000761E80 /* Frameworks */ = {
			isa = PBXGroup;
			children = (
				50EEEA091F74151300761E80 /* SDL2_image.framework */,
				50EEEA071F74033000761E80 /* SDL2.framework */,
			);
			name = Frameworks;
			sourceTree = "<group>";
		};
/* End PBXGroup section */

/* Begin PBXNativeTarget section */
		50EEE9FB1F74031D00761E80 /* std_test2 */ = {
			isa = PBXNativeTarget;
			buildConfigurationList = 50EEEA031F74031D00761E80 /* Build configuration list for PBXNativeTarget "std_test2" */;
			buildPhases = (
				50EEE9F81F74031D00761E80 /* Sources */,
				50EEE9F91F74031D00761E80 /* Frameworks */,
				50EEE9FA1F74031D00761E80 /* CopyFiles */,
			);
			buildRules = (
			);
			dependencies = (
			);
			name = std_test2;
			productName = std_test2;
			productReference = 50EEE9FC1F74031D00761E80 /* std_test2 */;
			productType = "com.apple.product-type.tool";
		};
/* End PBXNativeTarget section */

/* Begin PBXProject section */
		50EEE9F41F74031D00761E80 /* Project object */ = {
			isa = PBXProject;
			attributes = {
				LastUpgradeCheck = 0820;
				ORGANIZATIONNAME = "Max Anderson";
				TargetAttributes = {
					50EEE9FB1F74031D00761E80 = {
						CreatedOnToolsVersion = 8.2.1;
						ProvisioningStyle = Automatic;
					};
				};
			};
			buildConfigurationList = 50EEE9F71F74031D00761E80 /* Build configuration list for PBXProject "std_test2" */;
			compatibilityVersion = "Xcode 3.2";
			developmentRegion = English;
			hasScannedForEncodings = 0;
			knownRegions = (
				en,
			);
			mainGroup = 50EEE9F31F74031D00761E80;
			productRefGroup = 50EEE9FD1F74031D00761E80 /* Products */;
			projectDirPath = "";
			projectRoot = "";
			targets = (
				50EEE9FB1F74031D00761E80 /* std_test2 */,
			);
		};
/* End PBXProject section */

/* Begin PBXSourcesBuildPhase section */
		50EEE9F81F74031D00761E80 /* Sources */ = {
			isa = PBXSourcesBuildPhase;
			buildActionMask = 2147483647;
			files = (
				50EEEA121F757B0200761E80 /* BasicConfig.cpp in Sources */,
				50EEEA111F757AFA00761E80 /* Particle.cpp in Sources */,
				50EEEA001F74031D00761E80 /* main.cpp in Sources */,
			);
			runOnlyForDeploymentPostprocessing = 0;
		};
/* End PBXSourcesBuildPhase section */

/* Begin XCBuildConfiguration section */
		50EEEA011F74031D00761E80 /* Debug */ = {
			isa = XCBuildConfiguration;
			buildSettings = {
				ALWAYS_SEARCH_USER_PATHS = NO;
				CLANG_ANALYZER_NONNULL = YES;
				CLANG_CXX_LANGUAGE_STANDARD = "gnu++0x";
				CLANG_CXX_LIBRARY = "libc++";
				CLANG_ENABLE_MODULES = YES;
				CLANG_ENABLE_OBJC_ARC = YES;
				CLANG_WARN_BOOL_CONVERSION = YES;
				CLANG_WARN_CONSTANT_CONVERSION = YES;
				CLANG_WARN_DIRECT_OBJC_ISA_USAGE = YES_ERROR;
				CLANG_WARN_DOCUMENTATION_COMMENTS = YES;
				CLANG_WARN_EMPTY_BODY = YES;
				CLANG_WARN_ENUM_CONVERSION = YES;
				CLANG_WARN_INFINITE_RECURSION = YES;
				CLANG_WARN_INT_CONVERSION = YES;
				CLANG_WARN_OBJC_ROOT_CLASS = YES_ERROR;
				CLANG_WARN_SUSPICIOUS_MOVE = YES;
				CLANG_WARN_UNREACHABLE_CODE = YES;
				CLANG_WARN__DUPLICATE_METHOD_MATCH = YES;
				CODE_SIGN_IDENTITY = "-";
				COPY_PHASE_STRIP = NO;
				DEBUG_INFORMATION_FORMAT = dwarf;
				ENABLE_STRICT_OBJC_MSGSEND = YES;
				ENABLE_TESTABILITY = YES;
				GCC_C_LANGUAGE_STANDARD = gnu99;
				GCC_DYNAMIC_NO_PIC = NO;
				GCC_NO_COMMON_BLOCKS = YES;
				GCC_OPTIMIZATION_LEVEL = 0;
				GCC_PREPROCESSOR_DEFINITIONS = (
					"DEBUG=1",
					"$(inherited)",
				);
				GCC_WARN_64_TO_32_BIT_CONVERSION = YES;
				GCC_WARN_ABOUT_RETURN_TYPE = YES_ERROR;
				GCC_WARN_UNDECLARED_SELECTOR = YES;
				GCC_WARN_UNINITIALIZED_AUTOS = YES_AGGRESSIVE;
				GCC_WARN_UNUSED_FUNCTION = YES;
				GCC_WARN_UNUSED_VARIABLE = YES;
				MACOSX_DEPLOYMENT_TARGET = 10.12;
				MTL_ENABLE_DEBUG_INFO = YES;
				ONLY_ACTIVE_ARCH = YES;
				SDKROOT = macosx;
			};
			name = Debug;
		};
		50EEEA021F74031D00761E80 /* Release */ = {
			isa = XCBuildConfiguration;
			buildSettings = {
				ALWAYS_SEARCH_USER_PATHS = NO;
				CLANG_ANALYZER_NONNULL = YES;
				CLANG_CXX_LANGUAGE_STANDARD = "gnu++0x";
				CLANG_CXX_LIBRARY = "libc++";
				CLANG_ENABLE_MODULES = YES;
				CLANG_ENABLE_OBJC_ARC = YES;
				CLANG_WARN_BOOL_CONVERSION = YES;
				CLANG_WARN_CONSTANT_CONVERSION = YES;
				CLANG_WARN_DIRECT_OBJC_ISA_USAGE = YES_ERROR;
				CLANG_WARN_DOCUMENTATION_COMMENTS = YES;
				CLANG_WARN_EMPTY_BODY = YES;
				CLANG_WARN_ENUM_CONVERSION = YES;
				CLANG_WARN_INFINITE_RECURSION = YES;
				CLANG_WARN_INT_CONVERSION = YES;
				CLANG_WARN_OBJC_ROOT_CLASS = YES_ERROR;
				CLANG_WARN_SUSPICIOUS_MOVE = YES;
				CLANG_WARN_UNREACHABLE_CODE = YES;
				CLANG_WARN__DUPLICATE_METHOD_MATCH = YES;
				CODE_SIGN_IDENTITY = "-";
				COPY_PHASE_STRIP = NO;
				DEBUG_INFORMATION_FORMAT = "dwarf-with-dsym";
				ENABLE_NS_ASSERTIONS = NO;
				ENABLE_STRICT_OBJC_MSGSEND = YES;
				GCC_C_LANGUAGE_STANDARD = gnu99;
				GCC_NO_COMMON_BLOCKS = YES;
				GCC_WARN_64_TO_32_BIT_CONVERSION = YES;
				GCC_WARN_ABOUT_RETURN_TYPE = YES_ERROR;
				GCC_WARN_UNDECLARED_SELECTOR = YES;
				GCC_WARN_UNINITIALIZED_AUTOS = YES_AGGRESSIVE;
				GCC_WARN_UNUSED_FUNCTION = YES;
				GCC_WARN_UNUSED_VARIABLE = YES;
				MACOSX_DEPLOYMENT_TARGET = 10.12;
				MTL_ENABLE_DEBUG_INFO = NO;
				SDKROOT = macosx;
			};
			name = Release;
		};
		50EEEA041F74031D00761E80 /* Debug */ = {
			isa = XCBuildConfiguration;
			buildSettings = {
				FRAMEWORK_SEARCH_PATHS = (
					"$(inherited)",
					"$(LOCAL_LIBRARY_DIR)/Frameworks",
				);
				PRODUCT_NAME = "$(TARGET_NAME)";
			};
			name = Debug;
		};
		50EEEA051F74031D00761E80 /* Release */ = {
			isa = XCBuildConfiguration;
			buildSettings = {
				FRAMEWORK_SEARCH_PATHS = (
					"$(inherited)",
					"$(LOCAL_LIBRARY_DIR)/Frameworks",
				);
				PRODUCT_NAME = "$(TARGET_NAME)";
			};
			name = Release;
		};
/* End XCBuildConfiguration section */

/* Begin XCConfigurationList section */
		50EEE9F71F74031D00761E80 /* Build configuration list for PBXProject "std_test2" */ = {
			isa = XCConfigurationList;
			buildConfigurations = (
				50EEEA011F74031D00761E80 /* Debug */,
				50EEEA021F74031D00761E80 /* Release */,
			);
			defaultConfigurationIsVisible = 0;
			defaultConfigurationName = Release;
		};
		50EEEA031F74031D00761E80 /* Build configuration list for PBXNativeTarget "std_test2" */ = {
			isa = XCConfigurationList;
			buildConfigurations = (
				50EEEA041F74031D00761E80 /* Debug */,
				50EEEA051F74031D00761E80 /* Release */,
			);
			defaultConfigurationIsVisible = 0;
		};
/* End XCConfigurationList section */
	};
	rootObject = 50EEE9F41F74031D00761E80 /* Project object */;
}
